version = 1
revision = 3
requires-python = ">=3.12"

[[package]]
name = "awscli-local"
version = "0.22.2"
source = { registry = "https://pypi.org/simple" }
dependencies = [
    { name = "localstack-client" },
]
sdist = { url = "https://files.pythonhosted.org/packages/7a/71/591a30da6819c96deca2286f145d5982e73b11e7f657e8cbfc5e003ca73f/awscli_local-0.22.2.tar.gz", hash = "sha256:07c532c372753bf5f15426451dc91d6eec9de8779748049329a9a882bdac8a0b", size = 11695, upload-time = "2025-08-07T06:07:49.133Z" }
wheels = [
    { url = "https://files.pythonhosted.org/packages/13/80/6cb86812f8418b0464fc3418e78826d8fc99342848fdb82e7f576add1c1f/awscli_local-0.22.2-py3-none-any.whl", hash = "sha256:1901ebef343ba8cbde06f9f6406b5415ef53e93296718c2c31c9d49b0b09bd9d", size = 12280, upload-time = "2025-08-07T06:07:47.624Z" },
]

[[package]]
name = "boto3"
version = "1.42.49"
source = { registry = "https://pypi.org/simple" }
dependencies = [
    { name = "botocore" },
    { name = "jmespath" },
    { name = "s3transfer" },
]
sdist = { url = "https://files.pythonhosted.org/packages/20/91/105aa17e0f3a566d33e2d8a3b32a70f553b1ad500d9756c6dd63991d8354/boto3-1.42.49.tar.gz", hash = "sha256:9cd252f640567b86e92b0a8ffdd4ade9a3018ee357c724bff6a21b8c8a41be0c", size = 112877, upload-time = "2026-02-13T20:29:57.062Z" }
wheels = [
    { url = "https://files.pythonhosted.org/packages/12/b1/1fa30cd7b26617d59efbe3a4f3660a5b8b397a4623bf1e67016c4cb6dd0e/boto3-1.42.49-py3-none-any.whl", hash = "sha256:99e1df4361c3f6ff6ade65803c043ea96314826134962dd3b385433b309eb819", size = 140606, upload-time = "2026-02-13T20:29:55.366Z" },
]

[[package]]
name = "botocore"
version = "1.42.49"
source = { registry = "https://pypi.org/simple" }
dependencies = [
    { name = "jmespath" },
    { name = "python-dateutil" },
    { name = "urllib3" },
]
sdist = { url = "https://files.pythonhosted.org/packages/c5/95/c3a3765ab65073695161e7180d631428cb6e67c18d97e8897871dfe51fcc/botocore-1.42.49.tar.gz", hash = "sha256:333115a64a507697b0c450ade7e2d82bc8b4e21c0051542514532b455712bdcc", size = 14958380, upload-time = "2026-02-13T20:29:47.218Z" }
wheels = [
    { url = "https://files.pythonhosted.org/packages/d6/cd/7e7ceeff26889d1fd923f069381e3b2b85ff6d46c6fd1409ed8f486cc06f/botocore-1.42.49-py3-none-any.whl", hash = "sha256:1c33544f72101eed4ccf903ebb667a803e14e25b2af4e0836e4b871da1c0af37", size = 14630510, upload-time = "2026-02-13T20:29:43.086Z" },
]

[[package]]
name = "feedparser"
version = "6.0.12"
source = { registry = "https://pypi.org/simple" }
dependencies = [
    { name = "sgmllib3k" },
]
sdist = { url = "https://files.pythonhosted.org/packages/dc/79/db7edb5e77d6dfbc54d7d9df72828be4318275b2e580549ff45a962f6461/feedparser-6.0.12.tar.gz", hash = "sha256:64f76ce90ae3e8ef5d1ede0f8d3b50ce26bcce71dd8ae5e82b1cd2d4a5f94228", size = 286579, upload-time = "2025-09-10T13:33:59.486Z" }
wheels = [
    { url = "https://files.pythonhosted.org/packages/4e/eb/c96d64137e29ae17d83ad2552470bafe3a7a915e85434d9942077d7fd011/feedparser-6.0.12-py3-none-any.whl", hash = "sha256:6bbff10f5a52662c00a2e3f86a38928c37c48f77b3c511aedcd51de933549324", size = 81480, upload-time = "2025-09-10T13:33:58.022Z" },
]

[[package]]
name = "jmespath"
version = "1.1.0"
source = { registry = "https://pypi.org/simple" }
sdist = { url = "https://files.pythonhosted.org/packages/d3/59/322338183ecda247fb5d1763a6cbe46eff7222eaeebafd9fa65d4bf5cb11/jmespath-1.1.0.tar.gz", hash = "sha256:472c87d80f36026ae83c6ddd0f1d05d4e510134ed462851fd5f754c8c3cbb88d", size = 27377, upload-time = "2026-01-22T16:35:26.279Z" }
wheels = [
    { url = "https://files.pythonhosted.org/packages/14/2f/967ba146e6d58cf6a652da73885f52fc68001525b4197effc174321d70b4/jmespath-1.1.0-py3-none-any.whl", hash = "sha256:a5663118de4908c91729bea0acadca56526eb2698e83de10cd116ae0f4e97c64", size = 20419, upload-time = "2026-01-22T16:35:24.919Z" },
]

[[package]]
name = "localstack-client"
version = "2.11"
source = { registry = "https://pypi.org/simple" }
dependencies = [
    { name = "boto3" },
]
sdist = { url = "https://files.pythonhosted.org/packages/44/79/d240524248f0e675982c52586d67ea5030cf7511af9dbc8814e1d100cd15/localstack_client-2.11.tar.gz", hash = "sha256:1cbd7bf1f03b9b553ffe7ea10fe137f44e8d690a37af9c6515eba61a2379fc46", size = 11225, upload-time = "2026-01-09T10:15:19.77Z" }

[[package]]
name = "python-dateutil"
version = "2.9.0.post0"
source = { registry = "https://pypi.org/simple" }
dependencies = [
    { name = "six" },
]
sdist = { url = "https://files.pythonhosted.org/packages/66/c0/0c8b6ad9f17a802ee498c46e004a0eb49bc148f2fd230864601a86dcf6db/python-dateutil-2.9.0.post0.tar.gz", hash = "sha256:37dd54208da7e1cd875388217d5e00ebd4179249f90fb72437e91a35459a0ad3", size = 342432, upload-time = "2024-03-01T18:36:20.211Z" }
wheels = [
    { url = "https://files.pythonhosted.org/packages/ec/57/56b9bcc3c9c6a792fcbaf139543cee77261f3651ca9da0c93f5c1221264b/python_dateutil-2.9.0.post0-py2.py3-none-any.whl", hash = "sha256:a8b2bc7bffae282281c8140a97d3aa9c14da0b136dfe83f850eea9a5f7470427", size = 229892, upload-time = "2024-03-01T18:36:18.57Z" },
]

[[package]]
name = "s3transfer"
version = "0.16.0"
source = { registry = "https://pypi.org/simple" }
dependencies = [
    { name = "botocore" },
]
sdist = { url = "https://files.pythonhosted.org/packages/05/04/74127fc843314818edfa81b5540e26dd537353b123a4edc563109d8f17dd/s3transfer-0.16.0.tar.gz", hash = "sha256:8e990f13268025792229cd52fa10cb7163744bf56e719e0b9cb925ab79abf920", size = 153827, upload-time = "2025-12-01T02:30:59.114Z" }
wheels = [
    { url = "https://files.pythonhosted.org/packages/fc/51/727abb13f44c1fcf6d145979e1535a35794db0f6e450a0cb46aa24732fe2/s3transfer-0.16.0-py3-none-any.whl", hash = "sha256:18e25d66fed509e3868dc1572b3f427ff947dd2c56f844a5bf09481ad3f3b2fe", size = 86830, upload-time = "2025-12-01T02:30:57.729Z" },
]

[[package]]
name = "sgmllib3k"
version = "1.0.0"
source = { registry = "https://pypi.org/simple" }
sdist = { url = "https://files.pythonhosted.org/packages/9e/bd/3704a8c3e0942d711c1299ebf7b9091930adae6675d7c8f476a7ce48653c/sgmllib3k-1.0.0.tar.gz", hash = "sha256:7868fb1c8bfa764c1ac563d3cf369c381d1325d36124933a726f29fcdaa812e9", size = 5750, upload-time = "2010-08-24T14:33:52.445Z" }

[[package]]
name = "six"
version = "1.17.0"
source = { registry = "https://pypi.org/simple" }
sdist = { url = "https://files.pythonhosted.org/packages/94/e7/b2c673351809dca68a0e064b6af791aa332cf192da575fd474ed7d6f16a2/six-1.17.0.tar.gz", hash = "sha256:ff70335d468e7eb6ec65b95b99d3a2836546063f63acc5171de367e834932a81", size = 34031, upload-time = "2024-12-04T17:35:28.174Z" }
wheels = [
    { url = "https://files.pythonhosted.org/packages/b7/ce/149a00dd41f10bc29e5921b496af8b574d8413afcd5e30dfa0ed46c2cc5e/six-1.17.0-py2.py3-none-any.whl", hash = "sha256:4721f391ed90541fddacab5acf947aa0d3dc7d27b2e1e8eda2be8970586c3274", size = 11050, upload-time = "2024-12-04T17:35:26.475Z" },
]

[[package]]
name = "spitz-news-mikke"
version = "0.1.0"
source = { virtual = "." }
dependencies = [
    { name = "boto3" },
    { name = "feedparser" },
]

[package.dev-dependencies]
dev = [
    { name = "awscli-local" },
]

[package.metadata]
requires-dist = [
    { name = "boto3", specifier = ">=1.42.49" },
    { name = "feedparser", specifier = ">=6.0.12" },
]

[package.metadata.requires-dev]
dev = [{ name = "awscli-local", specifier = ">=0.22.2" }]

[[package]]
name = "urllib3"
version = "2.6.3"
source = { registry = "https://pypi.org/simple" }
sdist = { url = "https://files.pythonhosted.org/packages/c7/24/5f1b3bdffd70275f6661c76461e25f024d5a38a46f04aaca912426a2b1d3/urllib3-2.6.3.tar.gz", hash = "sha256:1b62b6884944a57dbe321509ab94fd4d3b307075e0c2eae991ac71ee15ad38ed", size = 435556, upload-time = "2026-01-07T16:24:43.925Z" }
wheels = [
    { url = "https://files.pythonhosted.org/packages/39/08/aaaad47bc4e9dc8c725e68f9d04865dbcb2052843ff09c97b08904852d84/urllib3-2.6.3-py3-none-any.whl", hash = "sha256:bf272323e553dfb2e87d9bfd225ca7b0f467b919d7bbd355436d3fd37cb0acd4", size = 131584, upload-time = "2026-01-07T16:24:42.685Z" },
]
